
Microsoft Visual Studio Solution File, Format Version 12.00
# Visual Studio Version 16
VisualStudioVersion = 16.0.32901.82
MinimumVisualStudioVersion = 10.0.40219.1
Project("{FAE04EC0-301F-11D3-BF4B-00C04F79EFBC}") = "delta", "delta\delta.csproj", "{19999A82-9C3F-4E45-A723-4E974B9A6FD6}"
EndProject
Global
	GlobalSection(SolutionConfigurationPlatforms) = preSolution
		Debug|Any CPU = Debug|Any CPU
		Release|Any CPU = Release|Any CPU
	EndGlobalSection
	GlobalSection(ProjectConfigurationPlatforms) = postSolution
		{19999A82-9C3F-4E45-A723-4E974B9A6FD6}.Debug|Any CPU.ActiveCfg = Debug|Any CPU
		{19999A82-9C3F-4E45-A723-4E974B9A6FD6}.Debug|Any CPU.Build.0 = Debug|Any CPU
		{19999A82-9C3F-4E45-A723-4E974B9A6FD6}.Release|Any CPU.ActiveCfg = Release|Any CPU
		{19999A82-9C3F-4E45-A723-4E974B9A6FD6}.Release|Any CPU.Build.0 = Release|Any CPU
	EndGlobalSection
	GlobalSection(SolutionProperties) = preSolution
		HideSolutionNode = FALSE
	EndGlobalSection
	GlobalSection(ExtensibilityGlobals) = postSolution
		SolutionGuid = {36269F12-4628-4678-BF56-191E41578960}
	EndGlobalSection
EndGlobal
